
Microsoft Visual Studio Solution File, Format Version 12.00
# Visual Studio Version 17
VisualStudioVersion = 17.1.32328.378
MinimumVisualStudioVersion = 10.0.40219.1
Project("{FAE04EC0-301F-11D3-BF4B-00C04F79EFBC}") = "KeycloakMigration", "KeycloakMigration\KeycloakMigration.csproj", "{36417053-AD00-42AE-A1F6-F9B953F7912C}"
EndProject
Global
	GlobalSection(SolutionConfigurationPlatforms) = preSolution
		Debug|Any CPU = Debug|Any CPU
		Release|Any CPU = Release|Any CPU
	EndGlobalSection
	GlobalSection(ProjectConfigurationPlatforms) = postSolution
		{36417053-AD00-42AE-A1F6-F9B953F7912C}.Debug|Any CPU.ActiveCfg = Debug|Any CPU
		{36417053-AD00-42AE-A1F6-F9B953F7912C}.Debug|Any CPU.Build.0 = Debug|Any CPU
		{36417053-AD00-42AE-A1F6-F9B953F7912C}.Release|Any CPU.ActiveCfg = Release|Any CPU
		{36417053-AD00-42AE-A1F6-F9B953F7912C}.Release|Any CPU.Build.0 = Release|Any CPU
	EndGlobalSection
	GlobalSection(SolutionProperties) = preSolution
		HideSolutionNode = FALSE
	EndGlobalSection
	GlobalSection(ExtensibilityGlobals) = postSolution
		SolutionGuid = {BC7C4B2B-CEC4-48EC-8F32-127C2F5FB4FE}
	EndGlobalSection
EndGlobal
